
Microsoft Visual Studio Solution File, Format Version 12.00
# Visual Studio Version 17
VisualStudioVersion = 17.0.31903.59
MinimumVisualStudioVersion = 10.0.40219.1
Project("{FAE04EC0-301F-11D3-BF4B-00C04F79EFBC}") = "API", "API\API.csproj", "{E387C003-A741-4CEF-AD86-C7E5FE646125}"
EndProject
Project("{FAE04EC0-301F-11D3-BF4B-00C04F79EFBC}") = "Application", "Application\Application.csproj", "{16625DD0-7D6A-4321-BBBF-9734836A3B29}"
EndProject
Project("{FAE04EC0-301F-11D3-BF4B-00C04F79EFBC}") = "Domain", "Domain\Domain.csproj", "{BF83A64F-F128-4544-BF60-CCC1E50EEDD1}"
EndProject
Project("{FAE04EC0-301F-11D3-BF4B-00C04F79EFBC}") = "Persistence", "Persistence\Persistence.csproj", "{ED6D5454-D67F-4565-A6FD-FA1306D3424F}"
EndProject
Project("{FAE04EC0-301F-11D3-BF4B-00C04F79EFBC}") = "Infrastructure", "Infrastructure\Infrastructure.csproj", "{5D550C0C-7ED0-4F37-85DE-4E2C338D0824}"
EndProject
Global
	GlobalSection(SolutionConfigurationPlatforms) = preSolution
		Debug|Any CPU = Debug|Any CPU
		Release|Any CPU = Release|Any CPU
	EndGlobalSection
	GlobalSection(SolutionProperties) = preSolution
		HideSolutionNode = FALSE
	EndGlobalSection
	GlobalSection(ProjectConfigurationPlatforms) = postSolution
		{E387C003-A741-4CEF-AD86-C7E5FE646125}.Debug|Any CPU.ActiveCfg = Debug|Any CPU
		{E387C003-A741-4CEF-AD86-C7E5FE646125}.Debug|Any CPU.Build.0 = Debug|Any CPU
		{E387C003-A741-4CEF-AD86-C7E5FE646125}.Release|Any CPU.ActiveCfg = Release|Any CPU
		{E387C003-A741-4CEF-AD86-C7E5FE646125}.Release|Any CPU.Build.0 = Release|Any CPU
		{16625DD0-7D6A-4321-BBBF-9734836A3B29}.Debug|Any CPU.ActiveCfg = Debug|Any CPU
		{16625DD0-7D6A-4321-BBBF-9734836A3B29}.Debug|Any CPU.Build.0 = Debug|Any CPU
		{16625DD0-7D6A-4321-BBBF-9734836A3B29}.Release|Any CPU.ActiveCfg = Release|Any CPU
		{16625DD0-7D6A-4321-BBBF-9734836A3B29}.Release|Any CPU.Build.0 = Release|Any CPU
		{BF83A64F-F128-4544-BF60-CCC1E50EEDD1}.Debug|Any CPU.ActiveCfg = Debug|Any CPU
		{BF83A64F-F128-4544-BF60-CCC1E50EEDD1}.Debug|Any CPU.Build.0 = Debug|Any CPU
		{BF83A64F-F128-4544-BF60-CCC1E50EEDD1}.Release|Any CPU.ActiveCfg = Release|Any CPU
		{BF83A64F-F128-4544-BF60-CCC1E50EEDD1}.Release|Any CPU.Build.0 = Release|Any CPU
		{ED6D5454-D67F-4565-A6FD-FA1306D3424F}.Debug|Any CPU.ActiveCfg = Debug|Any CPU
		{ED6D5454-D67F-4565-A6FD-FA1306D3424F}.Debug|Any CPU.Build.0 = Debug|Any CPU
		{ED6D5454-D67F-4565-A6FD-FA1306D3424F}.Release|Any CPU.ActiveCfg = Release|Any CPU
		{ED6D5454-D67F-4565-A6FD-FA1306D3424F}.Release|Any CPU.Build.0 = Release|Any CPU
		{5D550C0C-7ED0-4F37-85DE-4E2C338D0824}.Debug|Any CPU.ActiveCfg = Debug|Any CPU
		{5D550C0C-7ED0-4F37-85DE-4E2C338D0824}.Debug|Any CPU.Build.0 = Debug|Any CPU
		{5D550C0C-7ED0-4F37-85DE-4E2C338D0824}.Release|Any CPU.ActiveCfg = Release|Any CPU
		{5D550C0C-7ED0-4F37-85DE-4E2C338D0824}.Release|Any CPU.Build.0 = Release|Any CPU
	EndGlobalSection
EndGlobal
